
Microsoft Visual Studio Solution File, Format Version 12.00
# Visual Studio Version 16
VisualStudioVersion = 16.0.31019.35
MinimumVisualStudioVersion = 10.0.40219.1
Project("{FAE04EC0-301F-11D3-BF4B-00C04F79EFBC}") = "lab13Service", "lab13Service.csproj", "{12C93884-1003-42D1-BE0B-B188477A50A5}"
EndProject
Global
	GlobalSection(SolutionConfigurationPlatforms) = preSolution
		Debug|Any CPU = Debug|Any CPU
		Release|Any CPU = Release|Any CPU
	EndGlobalSection
	GlobalSection(ProjectConfigurationPlatforms) = postSolution
		{12C93884-1003-42D1-BE0B-B188477A50A5}.Debug|Any CPU.ActiveCfg = Debug|Any CPU
		{12C93884-1003-42D1-BE0B-B188477A50A5}.Debug|Any CPU.Build.0 = Debug|Any CPU
		{12C93884-1003-42D1-BE0B-B188477A50A5}.Release|Any CPU.ActiveCfg = Release|Any CPU
		{12C93884-1003-42D1-BE0B-B188477A50A5}.Release|Any CPU.Build.0 = Release|Any CPU
	EndGlobalSection
	GlobalSection(SolutionProperties) = preSolution
		HideSolutionNode = FALSE
	EndGlobalSection
	GlobalSection(ExtensibilityGlobals) = postSolution
		SolutionGuid = {DC676EC3-9E02-4E69-9EED-875BD5FA1A9A}
	EndGlobalSection
EndGlobal
